
Microsoft Visual Studio Solution File, Format Version 12.00
# Visual Studio 15
VisualStudioVersion = 15.0.28010.2003
MinimumVisualStudioVersion = 10.0.40219.1
Project("{9A19103F-16F7-4668-BE54-9A1E7A4F7556}") = "SqlDataProtectionProvider", "SqlDataProtectionProvider\SqlDataProtectionProvider.csproj", "{ED1A28CC-66FC-4114-BE42-0C6C25E4DE22}"
EndProject
Global
	GlobalSection(SolutionConfigurationPlatforms) = preSolution
		Debug|Any CPU = Debug|Any CPU
		Release|Any CPU = Release|Any CPU
	EndGlobalSection
	GlobalSection(ProjectConfigurationPlatforms) = postSolution
		{ED1A28CC-66FC-4114-BE42-0C6C25E4DE22}.Debug|Any CPU.ActiveCfg = Debug|Any CPU
		{ED1A28CC-66FC-4114-BE42-0C6C25E4DE22}.Debug|Any CPU.Build.0 = Debug|Any CPU
		{ED1A28CC-66FC-4114-BE42-0C6C25E4DE22}.Release|Any CPU.ActiveCfg = Release|Any CPU
		{ED1A28CC-66FC-4114-BE42-0C6C25E4DE22}.Release|Any CPU.Build.0 = Release|Any CPU
	EndGlobalSection
	GlobalSection(SolutionProperties) = preSolution
		HideSolutionNode = FALSE
	EndGlobalSection
	GlobalSection(ExtensibilityGlobals) = postSolution
		SolutionGuid = {D74FAF6D-6270-4EDC-873B-19DB747554B8}
	EndGlobalSection
EndGlobal
